
Microsoft Visual Studio Solution File, Format Version 12.00
# Visual Studio Version 17
VisualStudioVersion = 17.9.34728.123
MinimumVisualStudioVersion = 10.0.40219.1
Project("{888888A0-9F3D-457C-B088-3A5042F75D52}") = "image_lesson_07", "image_lesson_07\image_lesson_07.pyproj", "{44B12E29-D457-4636-A7BD-890009DF1303}"
EndProject
Global
	GlobalSection(SolutionConfigurationPlatforms) = preSolution
		Debug|Any CPU = Debug|Any CPU
		Release|Any CPU = Release|Any CPU
	EndGlobalSection
	GlobalSection(ProjectConfigurationPlatforms) = postSolution
		{44B12E29-D457-4636-A7BD-890009DF1303}.Debug|Any CPU.ActiveCfg = Debug|Any CPU
		{44B12E29-D457-4636-A7BD-890009DF1303}.Release|Any CPU.ActiveCfg = Release|Any CPU
	EndGlobalSection
	GlobalSection(SolutionProperties) = preSolution
		HideSolutionNode = FALSE
	EndGlobalSection
	GlobalSection(ExtensibilityGlobals) = postSolution
		SolutionGuid = {2A85AE8B-F6DF-400E-8B54-BF2A9ECA9D85}
	EndGlobalSection
EndGlobal
