
Microsoft Visual Studio Solution File, Format Version 12.00
# Visual Studio Version 17
VisualStudioVersion = 17.9.34728.123
MinimumVisualStudioVersion = 10.0.40219.1
Project("{888888A0-9F3D-457C-B088-3A5042F75D52}") = "image_lesson_14", "image_lesson_14\image_lesson_14.pyproj", "{F2576253-C52A-4D2F-A755-146351696155}"
EndProject
Global
	GlobalSection(SolutionConfigurationPlatforms) = preSolution
		Debug|Any CPU = Debug|Any CPU
		Release|Any CPU = Release|Any CPU
	EndGlobalSection
	GlobalSection(ProjectConfigurationPlatforms) = postSolution
		{F2576253-C52A-4D2F-A755-146351696155}.Debug|Any CPU.ActiveCfg = Debug|Any CPU
		{F2576253-C52A-4D2F-A755-146351696155}.Release|Any CPU.ActiveCfg = Release|Any CPU
	EndGlobalSection
	GlobalSection(SolutionProperties) = preSolution
		HideSolutionNode = FALSE
	EndGlobalSection
	GlobalSection(ExtensibilityGlobals) = postSolution
		SolutionGuid = {589F3C50-DA55-4160-B0DA-98E9ABFBA0CF}
	EndGlobalSection
EndGlobal
