
Microsoft Visual Studio Solution File, Format Version 12.00
# Visual Studio Version 17
VisualStudioVersion = 17.9.34728.123
MinimumVisualStudioVersion = 10.0.40219.1
Project("{888888A0-9F3D-457C-B088-3A5042F75D52}") = "olive_leave_01", "olive_leave_01\olive_leave_01.pyproj", "{70403512-4A46-4471-8AAC-76F1CF19036B}"
EndProject
Global
	GlobalSection(SolutionConfigurationPlatforms) = preSolution
		Debug|Any CPU = Debug|Any CPU
		Release|Any CPU = Release|Any CPU
	EndGlobalSection
	GlobalSection(ProjectConfigurationPlatforms) = postSolution
		{70403512-4A46-4471-8AAC-76F1CF19036B}.Debug|Any CPU.ActiveCfg = Debug|Any CPU
		{70403512-4A46-4471-8AAC-76F1CF19036B}.Release|Any CPU.ActiveCfg = Release|Any CPU
	EndGlobalSection
	GlobalSection(SolutionProperties) = preSolution
		HideSolutionNode = FALSE
	EndGlobalSection
	GlobalSection(ExtensibilityGlobals) = postSolution
		SolutionGuid = {41C89AD4-6FE5-4BD8-9053-7D6FC9A873D6}
	EndGlobalSection
EndGlobal
